
Microsoft Visual Studio Solution File, Format Version 12.00
# Visual Studio Version 16
VisualStudioVersion = 16.0.31005.135
MinimumVisualStudioVersion = 10.0.40219.1
Project("{FAE04EC0-301F-11D3-BF4B-00C04F79EFBC}") = "DZ-11-2", "DZ-11-2\DZ-11-2.csproj", "{901DAFB8-572C-49D7-BF35-B34BF6870527}"
EndProject
Global
	GlobalSection(SolutionConfigurationPlatforms) = preSolution
		Debug|Any CPU = Debug|Any CPU
		Release|Any CPU = Release|Any CPU
	EndGlobalSection
	GlobalSection(ProjectConfigurationPlatforms) = postSolution
		{901DAFB8-572C-49D7-BF35-B34BF6870527}.Debug|Any CPU.ActiveCfg = Debug|Any CPU
		{901DAFB8-572C-49D7-BF35-B34BF6870527}.Debug|Any CPU.Build.0 = Debug|Any CPU
		{901DAFB8-572C-49D7-BF35-B34BF6870527}.Release|Any CPU.ActiveCfg = Release|Any CPU
		{901DAFB8-572C-49D7-BF35-B34BF6870527}.Release|Any CPU.Build.0 = Release|Any CPU
	EndGlobalSection
	GlobalSection(SolutionProperties) = preSolution
		HideSolutionNode = FALSE
	EndGlobalSection
	GlobalSection(ExtensibilityGlobals) = postSolution
		SolutionGuid = {1E57D88E-78EE-4D82-9C34-E8D8C0FBCE03}
	EndGlobalSection
EndGlobal
