
Microsoft Visual Studio Solution File, Format Version 12.00
# Visual Studio Version 16
VisualStudioVersion = 16.0.31205.134
MinimumVisualStudioVersion = 10.0.40219.1
Project("{FAE04EC0-301F-11D3-BF4B-00C04F79EFBC}") = "Pr-2-sysKoll-2", "Pr-2-sysKoll-2\Pr-2-sysKoll-2.csproj", "{B0BC28D0-250B-4E2C-AD95-F40F7C1CBFAA}"
EndProject
Global
	GlobalSection(SolutionConfigurationPlatforms) = preSolution
		Debug|Any CPU = Debug|Any CPU
		Release|Any CPU = Release|Any CPU
	EndGlobalSection
	GlobalSection(ProjectConfigurationPlatforms) = postSolution
		{B0BC28D0-250B-4E2C-AD95-F40F7C1CBFAA}.Debug|Any CPU.ActiveCfg = Debug|Any CPU
		{B0BC28D0-250B-4E2C-AD95-F40F7C1CBFAA}.Debug|Any CPU.Build.0 = Debug|Any CPU
		{B0BC28D0-250B-4E2C-AD95-F40F7C1CBFAA}.Release|Any CPU.ActiveCfg = Release|Any CPU
		{B0BC28D0-250B-4E2C-AD95-F40F7C1CBFAA}.Release|Any CPU.Build.0 = Release|Any CPU
	EndGlobalSection
	GlobalSection(SolutionProperties) = preSolution
		HideSolutionNode = FALSE
	EndGlobalSection
	GlobalSection(ExtensibilityGlobals) = postSolution
		SolutionGuid = {E8506583-D34F-45F6-859B-6A9E2649B8D6}
	EndGlobalSection
EndGlobal
