
Microsoft Visual Studio Solution File, Format Version 12.00
# Visual Studio Version 16
VisualStudioVersion = 16.0.31112.23
MinimumVisualStudioVersion = 10.0.40219.1
Project("{FAE04EC0-301F-11D3-BF4B-00C04F79EFBC}") = "11-generics2-3", "11-generics2-3\11-generics2-3.csproj", "{FBFC10A1-F55F-48CC-A2CD-212A5A9388FA}"
EndProject
Global
	GlobalSection(SolutionConfigurationPlatforms) = preSolution
		Debug|Any CPU = Debug|Any CPU
		Release|Any CPU = Release|Any CPU
	EndGlobalSection
	GlobalSection(ProjectConfigurationPlatforms) = postSolution
		{FBFC10A1-F55F-48CC-A2CD-212A5A9388FA}.Debug|Any CPU.ActiveCfg = Debug|Any CPU
		{FBFC10A1-F55F-48CC-A2CD-212A5A9388FA}.Debug|Any CPU.Build.0 = Debug|Any CPU
		{FBFC10A1-F55F-48CC-A2CD-212A5A9388FA}.Release|Any CPU.ActiveCfg = Release|Any CPU
		{FBFC10A1-F55F-48CC-A2CD-212A5A9388FA}.Release|Any CPU.Build.0 = Release|Any CPU
	EndGlobalSection
	GlobalSection(SolutionProperties) = preSolution
		HideSolutionNode = FALSE
	EndGlobalSection
	GlobalSection(ExtensibilityGlobals) = postSolution
		SolutionGuid = {168CC389-840B-49C2-8692-989498FA710A}
	EndGlobalSection
EndGlobal
