
Microsoft Visual Studio Solution File, Format Version 12.00
# Visual Studio Version 16
VisualStudioVersion = 16.0.31112.23
MinimumVisualStudioVersion = 10.0.40219.1
Project("{FAE04EC0-301F-11D3-BF4B-00C04F79EFBC}") = "009-Delegates-dop", "009-Delegates-dop\009-Delegates-dop.csproj", "{812AFABA-BD43-4CA4-BF10-A8701E3DD900}"
EndProject
Global
	GlobalSection(SolutionConfigurationPlatforms) = preSolution
		Debug|Any CPU = Debug|Any CPU
		Release|Any CPU = Release|Any CPU
	EndGlobalSection
	GlobalSection(ProjectConfigurationPlatforms) = postSolution
		{812AFABA-BD43-4CA4-BF10-A8701E3DD900}.Debug|Any CPU.ActiveCfg = Debug|Any CPU
		{812AFABA-BD43-4CA4-BF10-A8701E3DD900}.Debug|Any CPU.Build.0 = Debug|Any CPU
		{812AFABA-BD43-4CA4-BF10-A8701E3DD900}.Release|Any CPU.ActiveCfg = Release|Any CPU
		{812AFABA-BD43-4CA4-BF10-A8701E3DD900}.Release|Any CPU.Build.0 = Release|Any CPU
	EndGlobalSection
	GlobalSection(SolutionProperties) = preSolution
		HideSolutionNode = FALSE
	EndGlobalSection
	GlobalSection(ExtensibilityGlobals) = postSolution
		SolutionGuid = {60E0F805-63D4-4C58-87F9-795EF9F32310}
	EndGlobalSection
EndGlobal
