
Microsoft Visual Studio Solution File, Format Version 12.00
# Visual Studio Version 16
VisualStudioVersion = 16.0.31005.135
MinimumVisualStudioVersion = 10.0.40219.1
Project("{FAE04EC0-301F-11D3-BF4B-00C04F79EFBC}") = "Pr-03-dop", "Pr-03-dop\Pr-03-dop.csproj", "{04D921ED-2FEC-40E5-BF35-01394F5DCD0F}"
EndProject
Global
	GlobalSection(SolutionConfigurationPlatforms) = preSolution
		Debug|Any CPU = Debug|Any CPU
		Release|Any CPU = Release|Any CPU
	EndGlobalSection
	GlobalSection(ProjectConfigurationPlatforms) = postSolution
		{04D921ED-2FEC-40E5-BF35-01394F5DCD0F}.Debug|Any CPU.ActiveCfg = Debug|Any CPU
		{04D921ED-2FEC-40E5-BF35-01394F5DCD0F}.Debug|Any CPU.Build.0 = Debug|Any CPU
		{04D921ED-2FEC-40E5-BF35-01394F5DCD0F}.Release|Any CPU.ActiveCfg = Release|Any CPU
		{04D921ED-2FEC-40E5-BF35-01394F5DCD0F}.Release|Any CPU.Build.0 = Release|Any CPU
	EndGlobalSection
	GlobalSection(SolutionProperties) = preSolution
		HideSolutionNode = FALSE
	EndGlobalSection
	GlobalSection(ExtensibilityGlobals) = postSolution
		SolutionGuid = {31B12F46-A5DB-466C-8DD5-26DD9B4BE4F0}
	EndGlobalSection
EndGlobal
